// !$*UTF8*$!
{
	archiveVersion = 1;
	classes = {
	};
	objectVersion = 50;
	objects = {

/* Begin PBXBuildFile section */
		929906A1268E367000C4A1A0 /* AppDelegate.swift in Sources */ = {isa = PBXBuildFile; fileRef = 929906A0268E367000C4A1A0 /* AppDelegate.swift */; };
		929906A3268E367000C4A1A0 /* SceneDelegate.swift in Sources */ = {isa = PBXBuildFile; fileRef = 929906A2268E367000C4A1A0 /* SceneDelegate.swift */; };
		929906A5268E367000C4A1A0 /* ViewController.swift in Sources */ = {isa = PBXBuildFile; fileRef = 929906A4268E367000C4A1A0 /* ViewController.swift */; };
		929906A8268E367000C4A1A0 /* Main.storyboard in Resources */ = {isa = PBXBuildFile; fileRef = 929906A6268E367000C4A1A0 /* Main.storyboard */; };
		929906AB268E367000C4A1A0 /* esoEs.xcdatamodeld in Sources */ = {isa = PBXBuildFile; fileRef = 929906A9268E367000C4A1A0 /* esoEs.xcdatamodeld */; };
		929906AD268E367E00C4A1A0 /* Assets.xcassets in Resources */ = {isa = PBXBuildFile; fileRef = 929906AC268E367E00C4A1A0 /* Assets.xcassets */; };
		929906B0268E367E00C4A1A0 /* LaunchScreen.storyboard in Resources */ = {isa = PBXBuildFile; fileRef = 929906AE268E367E00C4A1A0 /* LaunchScreen.storyboard */; };
/* End PBXBuildFile section */

/* Begin PBXFileReference section */
		9299069D268E367000C4A1A0 /* esoEs.app */ = {isa = PBXFileReference; explicitFileType = wrapper.application; includeInIndex = 0; path = esoEs.app; sourceTree = BUILT_PRODUCTS_DIR; };
		929906A0268E367000C4A1A0 /* AppDelegate.swift */ = {isa = PBXFileReference; lastKnownFileType = sourcecode.swift; path = AppDelegate.swift; sourceTree = "<group>"; };
		929906A2268E367000C4A1A0 /* SceneDelegate.swift */ = {isa = PBXFileReference; lastKnownFileType = sourcecode.swift; path = SceneDelegate.swift; sourceTree = "<group>"; };
		929906A4268E367000C4A1A0 /* ViewController.swift */ = {isa = PBXFileReference; lastKnownFileType = sourcecode.swift; path = ViewController.swift; sourceTree = "<group>"; };
		929906A7268E367000C4A1A0 /* Base */ = {isa = PBXFileReference; lastKnownFileType = file.storyboard; name = Base; path = Base.lproj/Main.storyboard; sourceTree = "<group>"; };
		929906AA268E367000C4A1A0 /* esoEs.xcdatamodel */ = {isa = PBXFileReference; lastKnownFileType = wrapper.xcdatamodel; path = esoEs.xcdatamodel; sourceTree = "<group>"; };
		929906AC268E367E00C4A1A0 /* Assets.xcassets */ = {isa = PBXFileReference; lastKnownFileType = folder.assetcatalog; path = Assets.xcassets; sourceTree = "<group>"; };
		929906AF268E367E00C4A1A0 /* Base */ = {isa = PBXFileReference; lastKnownFileType = file.storyboard; name = Base; path = Base.lproj/LaunchScreen.storyboard; sourceTree = "<group>"; };
		929906B1268E367E00C4A1A0 /* Info.plist */ = {isa = PBXFileReference; lastKnownFileType = text.plist.xml; path = Info.plist; sourceTree = "<group>"; };
/* End PBXFileReference section */

/* Begin PBXFrameworksBuildPhase section */
		9299069A268E367000C4A1A0 /* Frameworks */ = {
			isa = PBXFrameworksBuildPhase;
			buildActionMask = 2147483647;
			files = (
			);
			runOnlyForDeploymentPostprocessing = 0;
		};
/* End PBXFrameworksBuildPhase section */

/* Begin PBXGroup section */
		92990694268E367000C4A1A0 = {
			isa = PBXGroup;
			children = (
				9299069F268E367000C4A1A0 /* esoEs */,
				9299069E268E367000C4A1A0 /* Products */,
			);
			sourceTree = "<group>";
		};
		9299069E268E367000C4A1A0 /* Products */ = {
			isa = PBXGroup;
			children = (
				9299069D268E367000C4A1A0 /* esoEs.app */,
			);
			name = Products;
			sourceTree = "<group>";
		};
		9299069F268E367000C4A1A0 /* esoEs */ = {
			isa = PBXGroup;
			children = (
				929906B7268E39F700C4A1A0 /* Controllers */,
				929906A0268E367000C4A1A0 /* AppDelegate.swift */,
				929906A2268E367000C4A1A0 /* SceneDelegate.swift */,
				929906A6268E367000C4A1A0 /* Main.storyboard */,
				929906AC268E367E00C4A1A0 /* Assets.xcassets */,
				929906AE268E367E00C4A1A0 /* LaunchScreen.storyboard */,
				929906B1268E367E00C4A1A0 /* Info.plist */,
				929906A9268E367000C4A1A0 /* esoEs.xcdatamodeld */,
			);
			path = esoEs;
			sourceTree = "<group>";
		};
		929906B7268E39F700C4A1A0 /* Controllers */ = {
			isa = PBXGroup;
			children = (
				929906A4268E367000C4A1A0 /* ViewController.swift */,
			);
			path = Controllers;
			sourceTree = "<group>";
		};
/* End PBXGroup section */

/* Begin PBXNativeTarget section */
		9299069C268E367000C4A1A0 /* esoEs */ = {
			isa = PBXNativeTarget;
			buildConfigurationList = 929906B4268E367E00C4A1A0 /* Build configuration list for PBXNativeTarget "esoEs" */;
			buildPhases = (
				92990699268E367000C4A1A0 /* Sources */,
				9299069A268E367000C4A1A0 /* Frameworks */,
				9299069B268E367000C4A1A0 /* Resources */,
			);
			buildRules = (
			);
			dependencies = (
			);
			name = esoEs;
			productName = esoEs;
			productReference = 9299069D268E367000C4A1A0 /* esoEs.app */;
			productType = "com.apple.product-type.application";
		};
/* End PBXNativeTarget section */

/* Begin PBXProject section */
		92990695268E367000C4A1A0 /* Project object */ = {
			isa = PBXProject;
			attributes = {
				LastSwiftUpdateCheck = 1250;
				LastUpgradeCheck = 1250;
				TargetAttributes = {
					9299069C268E367000C4A1A0 = {
						CreatedOnToolsVersion = 12.5.1;
					};
				};
			};
			buildConfigurationList = 92990698268E367000C4A1A0 /* Build configuration list for PBXProject "esoEs" */;
			compatibilityVersion = "Xcode 9.3";
			developmentRegion = en;
			hasScannedForEncodings = 0;
			knownRegions = (
				en,
				Base,
			);
			mainGroup = 92990694268E367000C4A1A0;
			productRefGroup = 9299069E268E367000C4A1A0 /* Products */;
			projectDirPath = "";
			projectRoot = "";
			targets = (
				9299069C268E367000C4A1A0 /* esoEs */,
			);
		};
/* End PBXProject section */

/* Begin PBXResourcesBuildPhase section */
		9299069B268E367000C4A1A0 /* Resources */ = {
			isa = PBXResourcesBuildPhase;
			buildActionMask = 2147483647;
			files = (
				929906B0268E367E00C4A1A0 /* LaunchScreen.storyboard in Resources */,
				929906AD268E367E00C4A1A0 /* Assets.xcassets in Resources */,
				929906A8268E367000C4A1A0 /* Main.storyboard in Resources */,
			);
			runOnlyForDeploymentPostprocessing = 0;
		};
/* End PBXResourcesBuildPhase section */

/* Begin PBXSourcesBuildPhase section */
		92990699268E367000C4A1A0 /* Sources */ = {
			isa = PBXSourcesBuildPhase;
			buildActionMask = 2147483647;
			files = (
				929906A5268E367000C4A1A0 /* ViewController.swift in Sources */,
				929906AB268E367000C4A1A0 /* esoEs.xcdatamodeld in Sources */,
				929906A1268E367000C4A1A0 /* AppDelegate.swift in Sources */,
				929906A3268E367000C4A1A0 /* SceneDelegate.swift in Sources */,
			);
			runOnlyForDeploymentPostprocessing = 0;
		};
/* End PBXSourcesBuildPhase section */

/* Begin PBXVariantGroup section */
		929906A6268E367000C4A1A0 /* Main.storyboard */ = {
			isa = PBXVariantGroup;
			children = (
				929906A7268E367000C4A1A0 /* Base */,
			);
			name = Main.storyboard;
			sourceTree = "<group>";
		};
		929906AE268E367E00C4A1A0 /* LaunchScreen.storyboard */ = {
			isa = PBXVariantGroup;
			children = (
				929906AF268E367E00C4A1A0 /* Base */,
			);
			name = LaunchScreen.storyboard;
			sourceTree = "<group>";
		};
/* End PBXVariantGroup section */

/* Begin XCBuildConfiguration section */
		929906B2268E367E00C4A1A0 /* Debug */ = {
			isa = XCBuildConfiguration;
			buildSettings = {
				ALWAYS_SEARCH_USER_PATHS = NO;
				CLANG_ANALYZER_NONNULL = YES;
				CLANG_ANALYZER_NUMBER_OBJECT_CONVERSION = YES_AGGRESSIVE;
				CLANG_CXX_LANGUAGE_STANDARD = "gnu++14";
				CLANG_CXX_LIBRARY = "libc++";
				CLANG_ENABLE_MODULES = YES;
				CLANG_ENABLE_OBJC_ARC = YES;
				CLANG_ENABLE_OBJC_WEAK = YES;
				CLANG_WARN_BLOCK_CAPTURE_AUTORELEASING = YES;
				CLANG_WARN_BOOL_CONVERSION = YES;
				CLANG_WARN_COMMA = YES;
				CLANG_WARN_CONSTANT_CONVERSION = YES;
				CLANG_WARN_DEPRECATED_OBJC_IMPLEMENTATIONS = YES;
				CLANG_WARN_DIRECT_OBJC_ISA_USAGE = YES_ERROR;
				CLANG_WARN_DOCUMENTATION_COMMENTS = YES;
				CLANG_WARN_EMPTY_BODY = YES;
				CLANG_WARN_ENUM_CONVERSION = YES;
				CLANG_WARN_INFINITE_RECURSION = YES;
				CLANG_WARN_INT_CONVERSION = YES;
				CLANG_WARN_NON_LITERAL_NULL_CONVERSION = YES;
				CLANG_WARN_OBJC_IMPLICIT_RETAIN_SELF = YES;
				CLANG_WARN_OBJC_LITERAL_CONVERSION = YES;
				CLANG_WARN_OBJC_ROOT_CLASS = YES_ERROR;
				CLANG_WARN_QUOTED_INCLUDE_IN_FRAMEWORK_HEADER = YES;
				CLANG_WARN_RANGE_LOOP_ANALYSIS = YES;
				CLANG_WARN_STRICT_PROTOTYPES = YES;
				CLANG_WARN_SUSPICIOUS_MOVE = YES;
				CLANG_WARN_UNGUARDED_AVAILABILITY = YES_AGGRESSIVE;
				CLANG_WARN_UNREACHABLE_CODE = YES;
				CLANG_WARN__DUPLICATE_METHOD_MATCH = YES;
				COPY_PHASE_STRIP = NO;
				DEBUG_INFORMATION_FORMAT = dwarf;
				ENABLE_STRICT_OBJC_MSGSEND = YES;
				ENABLE_TESTABILITY = YES;
				GCC_C_LANGUAGE_STANDARD = gnu11;
				GCC_DYNAMIC_NO_PIC = NO;
				GCC_NO_COMMON_BLOCKS = YES;
				GCC_OPTIMIZATION_LEVEL = 0;
				GCC_PREPROCESSOR_DEFINITIONS = (
					"DEBUG=1",
					"$(inherited)",
				);
				GCC_WARN_64_TO_32_BIT_CONVERSION = YES;
				GCC_WARN_ABOUT_RETURN_TYPE = YES_ERROR;
				GCC_WARN_UNDECLARED_SELECTOR = YES;
				GCC_WARN_UNINITIALIZED_AUTOS = YES_AGGRESSIVE;
				GCC_WARN_UNUSED_FUNCTION = YES;
				GCC_WARN_UNUSED_VARIABLE = YES;
				IPHONEOS_DEPLOYMENT_TARGET = 14.5;
				MTL_ENABLE_DEBUG_INFO = INCLUDE_SOURCE;
				MTL_FAST_MATH = YES;
				ONLY_ACTIVE_ARCH = YES;
				SDKROOT = iphoneos;
				SWIFT_ACTIVE_COMPILATION_CONDITIONS = DEBUG;
				SWIFT_OPTIMIZATION_LEVEL = "-Onone";
			};
			name = Debug;
		};
		929906B3268E367E00C4A1A0 /* Release */ = {
			isa = XCBuildConfiguration;
			buildSettings = {
				ALWAYS_SEARCH_USER_PATHS = NO;
				CLANG_ANALYZER_NONNULL = YES;
				CLANG_ANALYZER_NUMBER_OBJECT_CONVERSION = YES_AGGRESSIVE;
				CLANG_CXX_LANGUAGE_STANDARD = "gnu++14";
				CLANG_CXX_LIBRARY = "libc++";
				CLANG_ENABLE_MODULES = YES;
				CLANG_ENABLE_OBJC_ARC = YES;
				CLANG_ENABLE_OBJC_WEAK = YES;
				CLANG_WARN_BLOCK_CAPTURE_AUTORELEASING = YES;
				CLANG_WARN_BOOL_CONVERSION = YES;
				CLANG_WARN_COMMA = YES;
				CLANG_WARN_CONSTANT_CONVERSION = YES;
				CLANG_WARN_DEPRECATED_OBJC_IMPLEMENTATIONS = YES;
				CLANG_WARN_DIRECT_OBJC_ISA_USAGE = YES_ERROR;
				CLANG_WARN_DOCUMENTATION_COMMENTS = YES;
				CLANG_WARN_EMPTY_BODY = YES;
				CLANG_WARN_ENUM_CONVERSION = YES;
				CLANG_WARN_INFINITE_RECURSION = YES;
				CLANG_WARN_INT_CONVERSION = YES;
				CLANG_WARN_NON_LITERAL_NULL_CONVERSION = YES;
				CLANG_WARN_OBJC_IMPLICIT_RETAIN_SELF = YES;
				CLANG_WARN_OBJC_LITERAL_CONVERSION = YES;
				CLANG_WARN_OBJC_ROOT_CLASS = YES_ERROR;
				CLANG_WARN_QUOTED_INCLUDE_IN_FRAMEWORK_HEADER = YES;
				CLANG_WARN_RANGE_LOOP_ANALYSIS = YES;
				CLANG_WARN_STRICT_PROTOTYPES = YES;
				CLANG_WARN_SUSPICIOUS_MOVE = YES;
				CLANG_WARN_UNGUARDED_AVAILABILITY = YES_AGGRESSIVE;
				CLANG_WARN_UNREACHABLE_CODE = YES;
				CLANG_WARN__DUPLICATE_METHOD_MATCH = YES;
				COPY_PHASE_STRIP = NO;
				DEBUG_INFORMATION_FORMAT = "dwarf-with-dsym";
				ENABLE_NS_ASSERTIONS = NO;
				ENABLE_STRICT_OBJC_MSGSEND = YES;
				GCC_C_LANGUAGE_STANDARD = gnu11;
				GCC_NO_COMMON_BLOCKS = YES;
				GCC_WARN_64_TO_32_BIT_CONVERSION = YES;
				GCC_WARN_ABOUT_RETURN_TYPE = YES_ERROR;
				GCC_WARN_UNDECLARED_SELECTOR = YES;
				GCC_WARN_UNINITIALIZED_AUTOS = YES_AGGRESSIVE;
				GCC_WARN_UNUSED_FUNCTION = YES;
				GCC_WARN_UNUSED_VARIABLE = YES;
				IPHONEOS_DEPLOYMENT_TARGET = 14.5;
				MTL_ENABLE_DEBUG_INFO = NO;
				MTL_FAST_MATH = YES;
				SDKROOT = iphoneos;
				SWIFT_COMPILATION_MODE = wholemodule;
				SWIFT_OPTIMIZATION_LEVEL = "-O";
				VALIDATE_PRODUCT = YES;
			};
			name = Release;
		};
		929906B5268E367E00C4A1A0 /* Debug */ = {
			isa = XCBuildConfiguration;
			buildSettings = {
				ASSETCATALOG_COMPILER_APPICON_NAME = AppIcon;
				ASSETCATALOG_COMPILER_GLOBAL_ACCENT_COLOR_NAME = AccentColor;
				CODE_SIGN_STYLE = Automatic;
				INFOPLIST_FILE = esoEs/Info.plist;
				LD_RUNPATH_SEARCH_PATHS = (
					"$(inherited)",
					"@executable_path/Frameworks",
				);
				PRODUCT_BUNDLE_IDENTIFIER = com.progressbyproject.doneList.esoEs;
				PRODUCT_NAME = "$(TARGET_NAME)";
				SWIFT_VERSION = 5.0;
				TARGETED_DEVICE_FAMILY = 1;
			};
			name = Debug;
		};
		929906B6268E367E00C4A1A0 /* Release */ = {
			isa = XCBuildConfiguration;
			buildSettings = {
				ASSETCATALOG_COMPILER_APPICON_NAME = AppIcon;
				ASSETCATALOG_COMPILER_GLOBAL_ACCENT_COLOR_NAME = AccentColor;
				CODE_SIGN_STYLE = Automatic;
				INFOPLIST_FILE = esoEs/Info.plist;
				LD_RUNPATH_SEARCH_PATHS = (
					"$(inherited)",
					"@executable_path/Frameworks",
				);
				PRODUCT_BUNDLE_IDENTIFIER = com.progressbyproject.doneList.esoEs;
				PRODUCT_NAME = "$(TARGET_NAME)";
				SWIFT_VERSION = 5.0;
				TARGETED_DEVICE_FAMILY = 1;
			};
			name = Release;
		};
/* End XCBuildConfiguration section */

/* Begin XCConfigurationList section */
		92990698268E367000C4A1A0 /* Build configuration list for PBXProject "esoEs" */ = {
			isa = XCConfigurationList;
			buildConfigurations = (
				929906B2268E367E00C4A1A0 /* Debug */,
				929906B3268E367E00C4A1A0 /* Release */,
			);
			defaultConfigurationIsVisible = 0;
			defaultConfigurationName = Release;
		};
		929906B4268E367E00C4A1A0 /* Build configuration list for PBXNativeTarget "esoEs" */ = {
			isa = XCConfigurationList;
			buildConfigurations = (
				929906B5268E367E00C4A1A0 /* Debug */,
				929906B6268E367E00C4A1A0 /* Release */,
			);
			defaultConfigurationIsVisible = 0;
			defaultConfigurationName = Release;
		};
/* End XCConfigurationList section */

/* Begin XCVersionGroup section */
		929906A9268E367000C4A1A0 /* esoEs.xcdatamodeld */ = {
			isa = XCVersionGroup;
			children = (
				929906AA268E367000C4A1A0 /* esoEs.xcdatamodel */,
			);
			currentVersion = 929906AA268E367000C4A1A0 /* esoEs.xcdatamodel */;
			path = esoEs.xcdatamodeld;
			sourceTree = "<group>";
			versionGroupType = wrapper.xcdatamodel;
		};
/* End XCVersionGroup section */
	};
	rootObject = 92990695268E367000C4A1A0 /* Project object */;
}
